
Microsoft Visual Studio Solution File, Format Version 12.00
# Visual Studio Version 16
VisualStudioVersion = 16.0.31205.134
MinimumVisualStudioVersion = 10.0.40219.1
Project("{FAE04EC0-301F-11D3-BF4B-00C04F79EFBC}") = "PVolumeM", "PVolumeM.csproj", "{AB6F12B3-DB6A-4E1B-B460-18A42CA44727}"
EndProject
Global
	GlobalSection(SolutionConfigurationPlatforms) = preSolution
		Debug|Any CPU = Debug|Any CPU
		Release|Any CPU = Release|Any CPU
	EndGlobalSection
	GlobalSection(ProjectConfigurationPlatforms) = postSolution
		{AB6F12B3-DB6A-4E1B-B460-18A42CA44727}.Debug|Any CPU.ActiveCfg = Debug|Any CPU
		{AB6F12B3-DB6A-4E1B-B460-18A42CA44727}.Debug|Any CPU.Build.0 = Debug|Any CPU
		{AB6F12B3-DB6A-4E1B-B460-18A42CA44727}.Release|Any CPU.ActiveCfg = Release|Any CPU
		{AB6F12B3-DB6A-4E1B-B460-18A42CA44727}.Release|Any CPU.Build.0 = Release|Any CPU
	EndGlobalSection
	GlobalSection(SolutionProperties) = preSolution
		HideSolutionNode = FALSE
	EndGlobalSection
	GlobalSection(ExtensibilityGlobals) = postSolution
		SolutionGuid = {56DFCC24-8E0C-4981-9E62-B75E640CD7F9}
	EndGlobalSection
EndGlobal
